
Microsoft Visual Studio Solution File, Format Version 12.00
# Visual Studio Version 17
VisualStudioVersion = 17.7.34031.279
MinimumVisualStudioVersion = 10.0.40219.1
Project("{FAE04EC0-301F-11D3-BF4B-00C04F79EFBC}") = "XIIRPL1_25_Ticketing", "XIIRPL1_25_Ticketing\XIIRPL1_25_Ticketing.csproj", "{45A4E18E-1E93-465C-B5DD-74053A5ECE21}"
EndProject
Global
	GlobalSection(SolutionConfigurationPlatforms) = preSolution
		Debug|Any CPU = Debug|Any CPU
		Release|Any CPU = Release|Any CPU
	EndGlobalSection
	GlobalSection(ProjectConfigurationPlatforms) = postSolution
		{45A4E18E-1E93-465C-B5DD-74053A5ECE21}.Debug|Any CPU.ActiveCfg = Debug|Any CPU
		{45A4E18E-1E93-465C-B5DD-74053A5ECE21}.Debug|Any CPU.Build.0 = Debug|Any CPU
		{45A4E18E-1E93-465C-B5DD-74053A5ECE21}.Release|Any CPU.ActiveCfg = Release|Any CPU
		{45A4E18E-1E93-465C-B5DD-74053A5ECE21}.Release|Any CPU.Build.0 = Release|Any CPU
	EndGlobalSection
	GlobalSection(SolutionProperties) = preSolution
		HideSolutionNode = FALSE
	EndGlobalSection
	GlobalSection(ExtensibilityGlobals) = postSolution
		SolutionGuid = {455D8C8C-98C9-4917-918D-C987EA7580DE}
	EndGlobalSection
EndGlobal
